// !$*UTF8*$!
{
	archiveVersion = 1;
	classes = {
	};
	objectVersion = 46;
	objects = {

/* Begin PBXBuildFile section */
		78BD19871CAD38A0002144E7 /* Curly.framework in Frameworks */ = {isa = PBXBuildFile; fileRef = 78BD197C1CAD38A0002144E7 /* Curly.framework */; };
		78BD19971CAD38FA002144E7 /* Curly.swift in Sources */ = {isa = PBXBuildFile; fileRef = 78BD19961CAD38FA002144E7 /* Curly.swift */; };
/* End PBXBuildFile section */

/* Begin PBXContainerItemProxy section */
		78BD19881CAD38A0002144E7 /* PBXContainerItemProxy */ = {
			isa = PBXContainerItemProxy;
			containerPortal = 78BD19731CAD38A0002144E7 /* Project object */;
			proxyType = 1;
			remoteGlobalIDString = 78BD197B1CAD38A0002144E7;
			remoteInfo = Curly;
		};
/* End PBXContainerItemProxy section */

/* Begin PBXFileReference section */
		78BD197C1CAD38A0002144E7 /* Curly.framework */ = {isa = PBXFileReference; explicitFileType = wrapper.framework; includeInIndex = 0; path = Curly.framework; sourceTree = BUILT_PRODUCTS_DIR; };
		78BD19811CAD38A0002144E7 /* Info.plist */ = {isa = PBXFileReference; lastKnownFileType = text.plist.xml; path = Info.plist; sourceTree = "<group>"; };
		78BD19861CAD38A0002144E7 /* CurlyTests.xctest */ = {isa = PBXFileReference; explicitFileType = wrapper.cfbundle; includeInIndex = 0; path = CurlyTests.xctest; sourceTree = BUILT_PRODUCTS_DIR; };
		78BD19961CAD38FA002144E7 /* Curly.swift */ = {isa = PBXFileReference; fileEncoding = 4; lastKnownFileType = sourcecode.swift; path = Curly.swift; sourceTree = "<group>"; };
/* End PBXFileReference section */

/* Begin PBXFrameworksBuildPhase section */
		78BD19781CAD38A0002144E7 /* Frameworks */ = {
			isa = PBXFrameworksBuildPhase;
			buildActionMask = 2147483647;
			files = (
			);
			runOnlyForDeploymentPostprocessing = 0;
		};
		78BD19831CAD38A0002144E7 /* Frameworks */ = {
			isa = PBXFrameworksBuildPhase;
			buildActionMask = 2147483647;
			files = (
				78BD19871CAD38A0002144E7 /* Curly.framework in Frameworks */,
			);
			runOnlyForDeploymentPostprocessing = 0;
		};
/* End PBXFrameworksBuildPhase section */

/* Begin PBXGroup section */
		78BD19721CAD38A0002144E7 = {
			isa = PBXGroup;
			children = (
				78BD197E1CAD38A0002144E7 /* Curly */,
				78BD197D1CAD38A0002144E7 /* Products */,
			);
			sourceTree = "<group>";
		};
		78BD197D1CAD38A0002144E7 /* Products */ = {
			isa = PBXGroup;
			children = (
				78BD197C1CAD38A0002144E7 /* Curly.framework */,
				78BD19861CAD38A0002144E7 /* CurlyTests.xctest */,
			);
			name = Products;
			sourceTree = "<group>";
		};
		78BD197E1CAD38A0002144E7 /* Curly */ = {
			isa = PBXGroup;
			children = (
				78BD19961CAD38FA002144E7 /* Curly.swift */,
				78BD19811CAD38A0002144E7 /* Info.plist */,
			);
			path = Curly;
			sourceTree = "<group>";
		};
/* End PBXGroup section */

/* Begin PBXHeadersBuildPhase section */
		78BD19791CAD38A0002144E7 /* Headers */ = {
			isa = PBXHeadersBuildPhase;
			buildActionMask = 2147483647;
			files = (
			);
			runOnlyForDeploymentPostprocessing = 0;
		};
/* End PBXHeadersBuildPhase section */

/* Begin PBXNativeTarget section */
		78BD197B1CAD38A0002144E7 /* Curly */ = {
			isa = PBXNativeTarget;
			buildConfigurationList = 78BD19901CAD38A0002144E7 /* Build configuration list for PBXNativeTarget "Curly" */;
			buildPhases = (
				78BD19771CAD38A0002144E7 /* Sources */,
				78BD19781CAD38A0002144E7 /* Frameworks */,
				78BD19791CAD38A0002144E7 /* Headers */,
				78BD197A1CAD38A0002144E7 /* Resources */,
			);
			buildRules = (
			);
			dependencies = (
			);
			name = Curly;
			productName = Curly;
			productReference = 78BD197C1CAD38A0002144E7 /* Curly.framework */;
			productType = "com.apple.product-type.framework";
		};
		78BD19851CAD38A0002144E7 /* CurlyTests */ = {
			isa = PBXNativeTarget;
			buildConfigurationList = 78BD19931CAD38A0002144E7 /* Build configuration list for PBXNativeTarget "CurlyTests" */;
			buildPhases = (
				78BD19821CAD38A0002144E7 /* Sources */,
				78BD19831CAD38A0002144E7 /* Frameworks */,
				78BD19841CAD38A0002144E7 /* Resources */,
			);
			buildRules = (
			);
			dependencies = (
				78BD19891CAD38A0002144E7 /* PBXTargetDependency */,
			);
			name = CurlyTests;
			productName = CurlyTests;
			productReference = 78BD19861CAD38A0002144E7 /* CurlyTests.xctest */;
			productType = "com.apple.product-type.bundle.unit-test";
		};
/* End PBXNativeTarget section */

/* Begin PBXProject section */
		78BD19731CAD38A0002144E7 /* Project object */ = {
			isa = PBXProject;
			attributes = {
				LastUpgradeCheck = 0720;
				ORGANIZATIONNAME = "InPos Soft";
				TargetAttributes = {
					78BD197B1CAD38A0002144E7 = {
						CreatedOnToolsVersion = 7.2.1;
					};
					78BD19851CAD38A0002144E7 = {
						CreatedOnToolsVersion = 7.2.1;
					};
				};
			};
			buildConfigurationList = 78BD19761CAD38A0002144E7 /* Build configuration list for PBXProject "Curly" */;
			compatibilityVersion = "Xcode 3.2";
			developmentRegion = English;
			hasScannedForEncodings = 0;
			knownRegions = (
				en,
			);
			mainGroup = 78BD19721CAD38A0002144E7;
			productRefGroup = 78BD197D1CAD38A0002144E7 /* Products */;
			projectDirPath = "";
			projectRoot = "";
			targets = (
				78BD197B1CAD38A0002144E7 /* Curly */,
				78BD19851CAD38A0002144E7 /* CurlyTests */,
			);
		};
/* End PBXProject section */

/* Begin PBXResourcesBuildPhase section */
		78BD197A1CAD38A0002144E7 /* Resources */ = {
			isa = PBXResourcesBuildPhase;
			buildActionMask = 2147483647;
			files = (
			);
			runOnlyForDeploymentPostprocessing = 0;
		};
		78BD19841CAD38A0002144E7 /* Resources */ = {
			isa = PBXResourcesBuildPhase;
			buildActionMask = 2147483647;
			files = (
			);
			runOnlyForDeploymentPostprocessing = 0;
		};
/* End PBXResourcesBuildPhase section */

/* Begin PBXSourcesBuildPhase section */
		78BD19771CAD38A0002144E7 /* Sources */ = {
			isa = PBXSourcesBuildPhase;
			buildActionMask = 2147483647;
			files = (
				78BD19971CAD38FA002144E7 /* Curly.swift in Sources */,
			);
			runOnlyForDeploymentPostprocessing = 0;
		};
		78BD19821CAD38A0002144E7 /* Sources */ = {
			isa = PBXSourcesBuildPhase;
			buildActionMask = 2147483647;
			files = (
			);
			runOnlyForDeploymentPostprocessing = 0;
		};
/* End PBXSourcesBuildPhase section */

/* Begin PBXTargetDependency section */
		78BD19891CAD38A0002144E7 /* PBXTargetDependency */ = {
			isa = PBXTargetDependency;
			target = 78BD197B1CAD38A0002144E7 /* Curly */;
			targetProxy = 78BD19881CAD38A0002144E7 /* PBXContainerItemProxy */;
		};
/* End PBXTargetDependency section */

/* Begin XCBuildConfiguration section */
		78BD198E1CAD38A0002144E7 /* Debug */ = {
			isa = XCBuildConfiguration;
			buildSettings = {
				ALWAYS_SEARCH_USER_PATHS = NO;
				CLANG_CXX_LANGUAGE_STANDARD = "gnu++0x";
				CLANG_CXX_LIBRARY = "libc++";
				CLANG_ENABLE_MODULES = YES;
				CLANG_ENABLE_OBJC_ARC = YES;
				CLANG_WARN_BOOL_CONVERSION = YES;
				CLANG_WARN_CONSTANT_CONVERSION = YES;
				CLANG_WARN_DIRECT_OBJC_ISA_USAGE = YES_ERROR;
				CLANG_WARN_EMPTY_BODY = YES;
				CLANG_WARN_ENUM_CONVERSION = YES;
				CLANG_WARN_INT_CONVERSION = YES;
				CLANG_WARN_OBJC_ROOT_CLASS = YES_ERROR;
				CLANG_WARN_UNREACHABLE_CODE = YES;
				CLANG_WARN__DUPLICATE_METHOD_MATCH = YES;
				"CODE_SIGN_IDENTITY[sdk=iphoneos*]" = "iPhone Developer";
				COPY_PHASE_STRIP = NO;
				CURRENT_PROJECT_VERSION = 1;
				DEBUG_INFORMATION_FORMAT = dwarf;
				ENABLE_STRICT_OBJC_MSGSEND = YES;
				ENABLE_TESTABILITY = YES;
				GCC_C_LANGUAGE_STANDARD = gnu99;
				GCC_DYNAMIC_NO_PIC = NO;
				GCC_NO_COMMON_BLOCKS = YES;
				GCC_OPTIMIZATION_LEVEL = 0;
				GCC_PREPROCESSOR_DEFINITIONS = (
					"DEBUG=1",
					"$(inherited)",
				);
				GCC_WARN_64_TO_32_BIT_CONVERSION = YES;
				GCC_WARN_ABOUT_RETURN_TYPE = YES_ERROR;
				GCC_WARN_UNDECLARED_SELECTOR = YES;
				GCC_WARN_UNINITIALIZED_AUTOS = YES_AGGRESSIVE;
				GCC_WARN_UNUSED_FUNCTION = YES;
				GCC_WARN_UNUSED_VARIABLE = YES;
				IPHONEOS_DEPLOYMENT_TARGET = 9.2;
				MTL_ENABLE_DEBUG_INFO = YES;
				ONLY_ACTIVE_ARCH = YES;
				SDKROOT = iphoneos;
				TARGETED_DEVICE_FAMILY = "1,2";
				VERSIONING_SYSTEM = "apple-generic";
				VERSION_INFO_PREFIX = "";
			};
			name = Debug;
		};
		78BD198F1CAD38A0002144E7 /* Release */ = {
			isa = XCBuildConfiguration;
			buildSettings = {
				ALWAYS_SEARCH_USER_PATHS = NO;
				CLANG_CXX_LANGUAGE_STANDARD = "gnu++0x";
				CLANG_CXX_LIBRARY = "libc++";
				CLANG_ENABLE_MODULES = YES;
				CLANG_ENABLE_OBJC_ARC = YES;
				CLANG_WARN_BOOL_CONVERSION = YES;
				CLANG_WARN_CONSTANT_CONVERSION = YES;
				CLANG_WARN_DIRECT_OBJC_ISA_USAGE = YES_ERROR;
				CLANG_WARN_EMPTY_BODY = YES;
				CLANG_WARN_ENUM_CONVERSION = YES;
				CLANG_WARN_INT_CONVERSION = YES;
				CLANG_WARN_OBJC_ROOT_CLASS = YES_ERROR;
				CLANG_WARN_UNREACHABLE_CODE = YES;
				CLANG_WARN__DUPLICATE_METHOD_MATCH = YES;
				"CODE_SIGN_IDENTITY[sdk=iphoneos*]" = "iPhone Developer";
				COPY_PHASE_STRIP = NO;
				CURRENT_PROJECT_VERSION = 1;
				DEBUG_INFORMATION_FORMAT = "dwarf-with-dsym";
				ENABLE_NS_ASSERTIONS = NO;
				ENABLE_STRICT_OBJC_MSGSEND = YES;
				GCC_C_LANGUAGE_STANDARD = gnu99;
				GCC_NO_COMMON_BLOCKS = YES;
				GCC_WARN_64_TO_32_BIT_CONVERSION = YES;
				GCC_WARN_ABOUT_RETURN_TYPE = YES_ERROR;
				GCC_WARN_UNDECLARED_SELECTOR = YES;
				GCC_WARN_UNINITIALIZED_AUTOS = YES_AGGRESSIVE;
				GCC_WARN_UNUSED_FUNCTION = YES;
				GCC_WARN_UNUSED_VARIABLE = YES;
				IPHONEOS_DEPLOYMENT_TARGET = 9.2;
				MTL_ENABLE_DEBUG_INFO = NO;
				SDKROOT = iphoneos;
				TARGETED_DEVICE_FAMILY = "1,2";
				VALIDATE_PRODUCT = YES;
				VERSIONING_SYSTEM = "apple-generic";
				VERSION_INFO_PREFIX = "";
			};
			name = Release;
		};
		78BD19911CAD38A0002144E7 /* Debug */ = {
			isa = XCBuildConfiguration;
			buildSettings = {
				CLANG_ENABLE_MODULES = YES;
				DEFINES_MODULE = YES;
				DYLIB_COMPATIBILITY_VERSION = 1;
				DYLIB_CURRENT_VERSION = 1;
				DYLIB_INSTALL_NAME_BASE = "@rpath";
				INFOPLIST_FILE = Curly/Info.plist;
				INSTALL_PATH = "$(LOCAL_LIBRARY_DIR)/Frameworks";
				LD_RUNPATH_SEARCH_PATHS = "$(inherited) @executable_path/Frameworks @loader_path/Frameworks";
				PRODUCT_BUNDLE_IDENTIFIER = com.wircho.Curly;
				PRODUCT_NAME = "$(TARGET_NAME)";
				SKIP_INSTALL = YES;
				SWIFT_OPTIMIZATION_LEVEL = "-Onone";
			};
			name = Debug;
		};
		78BD19921CAD38A0002144E7 /* Release */ = {
			isa = XCBuildConfiguration;
			buildSettings = {
				CLANG_ENABLE_MODULES = YES;
				DEFINES_MODULE = YES;
				DYLIB_COMPATIBILITY_VERSION = 1;
				DYLIB_CURRENT_VERSION = 1;
				DYLIB_INSTALL_NAME_BASE = "@rpath";
				INFOPLIST_FILE = Curly/Info.plist;
				INSTALL_PATH = "$(LOCAL_LIBRARY_DIR)/Frameworks";
				LD_RUNPATH_SEARCH_PATHS = "$(inherited) @executable_path/Frameworks @loader_path/Frameworks";
				PRODUCT_BUNDLE_IDENTIFIER = com.wircho.Curly;
				PRODUCT_NAME = "$(TARGET_NAME)";
				SKIP_INSTALL = YES;
			};
			name = Release;
		};
		78BD19941CAD38A0002144E7 /* Debug */ = {
			isa = XCBuildConfiguration;
			buildSettings = {
				INFOPLIST_FILE = CurlyTests/Info.plist;
				LD_RUNPATH_SEARCH_PATHS = "$(inherited) @executable_path/Frameworks @loader_path/Frameworks";
				PRODUCT_BUNDLE_IDENTIFIER = com.wircho.CurlyTests;
				PRODUCT_NAME = "$(TARGET_NAME)";
			};
			name = Debug;
		};
		78BD19951CAD38A0002144E7 /* Release */ = {
			isa = XCBuildConfiguration;
			buildSettings = {
				INFOPLIST_FILE = CurlyTests/Info.plist;
				LD_RUNPATH_SEARCH_PATHS = "$(inherited) @executable_path/Frameworks @loader_path/Frameworks";
				PRODUCT_BUNDLE_IDENTIFIER = com.wircho.CurlyTests;
				PRODUCT_NAME = "$(TARGET_NAME)";
			};
			name = Release;
		};
/* End XCBuildConfiguration section */

/* Begin XCConfigurationList section */
		78BD19761CAD38A0002144E7 /* Build configuration list for PBXProject "Curly" */ = {
			isa = XCConfigurationList;
			buildConfigurations = (
				78BD198E1CAD38A0002144E7 /* Debug */,
				78BD198F1CAD38A0002144E7 /* Release */,
			);
			defaultConfigurationIsVisible = 0;
			defaultConfigurationName = Release;
		};
		78BD19901CAD38A0002144E7 /* Build configuration list for PBXNativeTarget "Curly" */ = {
			isa = XCConfigurationList;
			buildConfigurations = (
				78BD19911CAD38A0002144E7 /* Debug */,
				78BD19921CAD38A0002144E7 /* Release */,
			);
			defaultConfigurationIsVisible = 0;
			defaultConfigurationName = Release;
		};
		78BD19931CAD38A0002144E7 /* Build configuration list for PBXNativeTarget "CurlyTests" */ = {
			isa = XCConfigurationList;
			buildConfigurations = (
				78BD19941CAD38A0002144E7 /* Debug */,
				78BD19951CAD38A0002144E7 /* Release */,
			);
			defaultConfigurationIsVisible = 0;
			defaultConfigurationName = Release;
		};
/* End XCConfigurationList section */
	};
	rootObject = 78BD19731CAD38A0002144E7 /* Project object */;
}
